{
  "name": "golden-maze-mini-game",
  "version": "1.0.0",
  "lockfileVersion": 3,
  "requires": true,
  "packages": {
    "": {
      "name": "golden-maze-mini-game",
      "version": "1.0.0",
      "dependencies": {
        "three": "^0.152.2"
      },
      "devDependencies": {
        "@breezystack/lamejs": "^1.2.7"
      }
    },
    "node_modules/@breezystack/lamejs": {
      "version": "1.2.7",
      "resolved": "https://registry.npmmirror.com/@breezystack/lamejs/-/lamejs-1.2.7.tgz",
      "integrity": "sha512-6wc7ck65ctA75Hq7FYHTtTvGnYs6msgdxiSUICQ+A01nVOWg6rqouZB8IdyteRlfpYYiFovkf67dIeOgWIUzTA==",
      "dev": true,
      "license": "LGPL-3.0"
    },
    "node_modules/three": {
      "version": "0.152.2",
      "resolved": "https://registry.npmmirror.com/three/-/three-0.152.2.tgz",
      "integrity": "sha512-Ff9zIpSfkkqcBcpdiFo2f35vA9ZucO+N8TNacJOqaEE6DrB0eufItVMib8bK8Pcju/ZNT6a7blE1GhTpkdsILw==",
      "license": "MIT"
    }
  }
}
